
Microsoft Visual Studio Solution File, Format Version 12.00
# Visual Studio Version 16
VisualStudioVersion = 16.0.30804.86
MinimumVisualStudioVersion = 10.0.40219.1
Project("{2150E333-8FDC-42A3-9474-1A3956D46DE8}") = "01-Infrastructure", "01-Infrastructure", "{5665E6CD-9AA0-44D6-BE49-B79E59658CB7}"
EndProject
Project("{9A19103F-16F7-4668-BE54-9A1E7A4F7556}") = "CHS.Infrastructure", "CHS.Infrastructure\CHS.Infrastructure.csproj", "{A5C1868F-466D-4F00-91D1-B8EC4A469F22}"
EndProject
Project("{2150E333-8FDC-42A3-9474-1A3956D46DE8}") = "02-Domains", "02-Domains", "{E7B99934-8FA1-4C4B-B99C-8DD87FE0C935}"
EndProject
Project("{2150E333-8FDC-42A3-9474-1A3956D46DE8}") = "03-Repository", "03-Repository", "{6BF38A35-F67B-47D8-B986-D9956680DBAD}"
EndProject
Project("{2150E333-8FDC-42A3-9474-1A3956D46DE8}") = "04-Services", "04-Services", "{215EF444-F172-4EC7-A80A-C9C89C92129B}"
EndProject
Project("{2150E333-8FDC-42A3-9474-1A3956D46DE8}") = "05-Presentation", "05-Presentation", "{79FB0F4F-BE19-403D-B044-D41837EDA6B6}"
EndProject
Project("{9A19103F-16F7-4668-BE54-9A1E7A4F7556}") = "CHS.Domains", "CHS.Domains\CHS.Domains.csproj", "{42F05702-93F1-4BB7-8781-612833720C1B}"
EndProject
Project("{9A19103F-16F7-4668-BE54-9A1E7A4F7556}") = "CHS.Repository", "CHS.Repository\CHS.Repository.csproj", "{A99C1BB7-158B-4548-8960-F73B22C3A321}"
EndProject
Project("{9A19103F-16F7-4668-BE54-9A1E7A4F7556}") = "CHS.Services", "CHS.Services\CHS.Services.csproj", "{69C7F2F8-CE3A-4F01-BE45-0BD8DD4CDF09}"
EndProject
Project("{9A19103F-16F7-4668-BE54-9A1E7A4F7556}") = "CHS.Api", "CHS.Api\CHS.Api.csproj", "{C6AB87A4-41DC-4AE1-A9C1-D3EF8E3D4BB8}"
EndProject
Project("{9A19103F-16F7-4668-BE54-9A1E7A4F7556}") = "CHS.Web", "CHS.Web\CHS.Web.csproj", "{198042F5-A7E3-4FA2-AC0F-39EB8C71262C}"
EndProject
Project("{9A19103F-16F7-4668-BE54-9A1E7A4F7556}") = "CHP.Site", "CHP.Site\CHP.Site.csproj", "{C28C86E5-C68B-43F2-B3BD-DEE957AEA36D}"
EndProject
Global
	GlobalSection(SolutionConfigurationPlatforms) = preSolution
		Debug|Any CPU = Debug|Any CPU
		Release|Any CPU = Release|Any CPU
	EndGlobalSection
	GlobalSection(ProjectConfigurationPlatforms) = postSolution
		{A5C1868F-466D-4F00-91D1-B8EC4A469F22}.Debug|Any CPU.ActiveCfg = Debug|Any CPU
		{A5C1868F-466D-4F00-91D1-B8EC4A469F22}.Debug|Any CPU.Build.0 = Debug|Any CPU
		{A5C1868F-466D-4F00-91D1-B8EC4A469F22}.Release|Any CPU.ActiveCfg = Release|Any CPU
		{A5C1868F-466D-4F00-91D1-B8EC4A469F22}.Release|Any CPU.Build.0 = Release|Any CPU
		{42F05702-93F1-4BB7-8781-612833720C1B}.Debug|Any CPU.ActiveCfg = Debug|Any CPU
		{42F05702-93F1-4BB7-8781-612833720C1B}.Debug|Any CPU.Build.0 = Debug|Any CPU
		{42F05702-93F1-4BB7-8781-612833720C1B}.Release|Any CPU.ActiveCfg = Release|Any CPU
		{42F05702-93F1-4BB7-8781-612833720C1B}.Release|Any CPU.Build.0 = Release|Any CPU
		{A99C1BB7-158B-4548-8960-F73B22C3A321}.Debug|Any CPU.ActiveCfg = Debug|Any CPU
		{A99C1BB7-158B-4548-8960-F73B22C3A321}.Debug|Any CPU.Build.0 = Debug|Any CPU
		{A99C1BB7-158B-4548-8960-F73B22C3A321}.Release|Any CPU.ActiveCfg = Release|Any CPU
		{A99C1BB7-158B-4548-8960-F73B22C3A321}.Release|Any CPU.Build.0 = Release|Any CPU
		{69C7F2F8-CE3A-4F01-BE45-0BD8DD4CDF09}.Debug|Any CPU.ActiveCfg = Debug|Any CPU
		{69C7F2F8-CE3A-4F01-BE45-0BD8DD4CDF09}.Debug|Any CPU.Build.0 = Debug|Any CPU
		{69C7F2F8-CE3A-4F01-BE45-0BD8DD4CDF09}.Release|Any CPU.ActiveCfg = Release|Any CPU
		{69C7F2F8-CE3A-4F01-BE45-0BD8DD4CDF09}.Release|Any CPU.Build.0 = Release|Any CPU
		{C6AB87A4-41DC-4AE1-A9C1-D3EF8E3D4BB8}.Debug|Any CPU.ActiveCfg = Debug|Any CPU
		{C6AB87A4-41DC-4AE1-A9C1-D3EF8E3D4BB8}.Debug|Any CPU.Build.0 = Debug|Any CPU
		{C6AB87A4-41DC-4AE1-A9C1-D3EF8E3D4BB8}.Release|Any CPU.ActiveCfg = Release|Any CPU
		{C6AB87A4-41DC-4AE1-A9C1-D3EF8E3D4BB8}.Release|Any CPU.Build.0 = Release|Any CPU
		{198042F5-A7E3-4FA2-AC0F-39EB8C71262C}.Debug|Any CPU.ActiveCfg = Debug|Any CPU
		{198042F5-A7E3-4FA2-AC0F-39EB8C71262C}.Debug|Any CPU.Build.0 = Debug|Any CPU
		{198042F5-A7E3-4FA2-AC0F-39EB8C71262C}.Release|Any CPU.ActiveCfg = Release|Any CPU
		{198042F5-A7E3-4FA2-AC0F-39EB8C71262C}.Release|Any CPU.Build.0 = Release|Any CPU
		{C28C86E5-C68B-43F2-B3BD-DEE957AEA36D}.Debug|Any CPU.ActiveCfg = Debug|Any CPU
		{C28C86E5-C68B-43F2-B3BD-DEE957AEA36D}.Debug|Any CPU.Build.0 = Debug|Any CPU
		{C28C86E5-C68B-43F2-B3BD-DEE957AEA36D}.Release|Any CPU.ActiveCfg = Release|Any CPU
		{C28C86E5-C68B-43F2-B3BD-DEE957AEA36D}.Release|Any CPU.Build.0 = Release|Any CPU
	EndGlobalSection
	GlobalSection(SolutionProperties) = preSolution
		HideSolutionNode = FALSE
	EndGlobalSection
	GlobalSection(NestedProjects) = preSolution
		{A5C1868F-466D-4F00-91D1-B8EC4A469F22} = {5665E6CD-9AA0-44D6-BE49-B79E59658CB7}
		{42F05702-93F1-4BB7-8781-612833720C1B} = {E7B99934-8FA1-4C4B-B99C-8DD87FE0C935}
		{A99C1BB7-158B-4548-8960-F73B22C3A321} = {6BF38A35-F67B-47D8-B986-D9956680DBAD}
		{69C7F2F8-CE3A-4F01-BE45-0BD8DD4CDF09} = {215EF444-F172-4EC7-A80A-C9C89C92129B}
		{C6AB87A4-41DC-4AE1-A9C1-D3EF8E3D4BB8} = {79FB0F4F-BE19-403D-B044-D41837EDA6B6}
		{198042F5-A7E3-4FA2-AC0F-39EB8C71262C} = {79FB0F4F-BE19-403D-B044-D41837EDA6B6}
		{C28C86E5-C68B-43F2-B3BD-DEE957AEA36D} = {79FB0F4F-BE19-403D-B044-D41837EDA6B6}
	EndGlobalSection
	GlobalSection(ExtensibilityGlobals) = postSolution
		SolutionGuid = {9A55E672-FC4D-49B3-AF55-760FF6B053BA}
	EndGlobalSection
EndGlobal
